// !$*UTF8*$!
{
	archiveVersion = 1;
	classes = {
	};
	objectVersion = 50;
	objects = {

/* Begin PBXBuildFile section */
		09B666E12647DAC200D6166B /* SingerApp.swift in Sources */ = {isa = PBXBuildFile; fileRef = 09B666E02647DAC200D6166B /* SingerApp.swift */; };
		09B666E32647DAC200D6166B /* ContentView.swift in Sources */ = {isa = PBXBuildFile; fileRef = 09B666E22647DAC200D6166B /* ContentView.swift */; };
		09B666E52647DAC600D6166B /* Assets.xcassets in Resources */ = {isa = PBXBuildFile; fileRef = 09B666E42647DAC600D6166B /* Assets.xcassets */; };
		09B666E82647DAC600D6166B /* Preview Assets.xcassets in Resources */ = {isa = PBXBuildFile; fileRef = 09B666E72647DAC600D6166B /* Preview Assets.xcassets */; };
		09B666EA2647DAC600D6166B /* Persistence.swift in Sources */ = {isa = PBXBuildFile; fileRef = 09B666E92647DAC600D6166B /* Persistence.swift */; };
		09B666ED2647DAC600D6166B /* Singer.xcdatamodeld in Sources */ = {isa = PBXBuildFile; fileRef = 09B666EB2647DAC600D6166B /* Singer.xcdatamodeld */; };
/* End PBXBuildFile section */

/* Begin PBXFileReference section */
		09B666DD2647DAC200D6166B /* Singer.app */ = {isa = PBXFileReference; explicitFileType = wrapper.application; includeInIndex = 0; path = Singer.app; sourceTree = BUILT_PRODUCTS_DIR; };
		09B666E02647DAC200D6166B /* SingerApp.swift */ = {isa = PBXFileReference; lastKnownFileType = sourcecode.swift; path = SingerApp.swift; sourceTree = "<group>"; };
		09B666E22647DAC200D6166B /* ContentView.swift */ = {isa = PBXFileReference; lastKnownFileType = sourcecode.swift; path = ContentView.swift; sourceTree = "<group>"; };
		09B666E42647DAC600D6166B /* Assets.xcassets */ = {isa = PBXFileReference; lastKnownFileType = folder.assetcatalog; path = Assets.xcassets; sourceTree = "<group>"; };
		09B666E72647DAC600D6166B /* Preview Assets.xcassets */ = {isa = PBXFileReference; lastKnownFileType = folder.assetcatalog; path = "Preview Assets.xcassets"; sourceTree = "<group>"; };
		09B666E92647DAC600D6166B /* Persistence.swift */ = {isa = PBXFileReference; lastKnownFileType = sourcecode.swift; path = Persistence.swift; sourceTree = "<group>"; };
		09B666EC2647DAC600D6166B /* Singer.xcdatamodel */ = {isa = PBXFileReference; lastKnownFileType = wrapper.xcdatamodel; path = Singer.xcdatamodel; sourceTree = "<group>"; };
		09B666EE2647DAC600D6166B /* Info.plist */ = {isa = PBXFileReference; lastKnownFileType = text.plist.xml; path = Info.plist; sourceTree = "<group>"; };
/* End PBXFileReference section */

/* Begin PBXFrameworksBuildPhase section */
		09B666DA2647DAC200D6166B /* Frameworks */ = {
			isa = PBXFrameworksBuildPhase;
			buildActionMask = 2147483647;
			files = (
			);
			runOnlyForDeploymentPostprocessing = 0;
		};
/* End PBXFrameworksBuildPhase section */

/* Begin PBXGroup section */
		09B666D42647DAC200D6166B = {
			isa = PBXGroup;
			children = (
				09B666DF2647DAC200D6166B /* Singer */,
				09B666DE2647DAC200D6166B /* Products */,
			);
			sourceTree = "<group>";
		};
		09B666DE2647DAC200D6166B /* Products */ = {
			isa = PBXGroup;
			children = (
				09B666DD2647DAC200D6166B /* Singer.app */,
			);
			name = Products;
			sourceTree = "<group>";
		};
		09B666DF2647DAC200D6166B /* Singer */ = {
			isa = PBXGroup;
			children = (
				09B666E02647DAC200D6166B /* SingerApp.swift */,
				09B666E22647DAC200D6166B /* ContentView.swift */,
				09B666E42647DAC600D6166B /* Assets.xcassets */,
				09B666E92647DAC600D6166B /* Persistence.swift */,
				09B666EE2647DAC600D6166B /* Info.plist */,
				09B666EB2647DAC600D6166B /* Singer.xcdatamodeld */,
				09B666E62647DAC600D6166B /* Preview Content */,
			);
			path = Singer;
			sourceTree = "<group>";
		};
		09B666E62647DAC600D6166B /* Preview Content */ = {
			isa = PBXGroup;
			children = (
				09B666E72647DAC600D6166B /* Preview Assets.xcassets */,
			);
			path = "Preview Content";
			sourceTree = "<group>";
		};
/* End PBXGroup section */

/* Begin PBXNativeTarget section */
		09B666DC2647DAC200D6166B /* Singer */ = {
			isa = PBXNativeTarget;
			buildConfigurationList = 09B666F12647DAC600D6166B /* Build configuration list for PBXNativeTarget "Singer" */;
			buildPhases = (
				09B666D92647DAC200D6166B /* Sources */,
				09B666DA2647DAC200D6166B /* Frameworks */,
				09B666DB2647DAC200D6166B /* Resources */,
			);
			buildRules = (
			);
			dependencies = (
			);
			name = Singer;
			productName = Singer;
			productReference = 09B666DD2647DAC200D6166B /* Singer.app */;
			productType = "com.apple.product-type.application";
		};
/* End PBXNativeTarget section */

/* Begin PBXProject section */
		09B666D52647DAC200D6166B /* Project object */ = {
			isa = PBXProject;
			attributes = {
				LastSwiftUpdateCheck = 1240;
				LastUpgradeCheck = 1240;
				TargetAttributes = {
					09B666DC2647DAC200D6166B = {
						CreatedOnToolsVersion = 12.4;
					};
				};
			};
			buildConfigurationList = 09B666D82647DAC200D6166B /* Build configuration list for PBXProject "Singer" */;
			compatibilityVersion = "Xcode 9.3";
			developmentRegion = en;
			hasScannedForEncodings = 0;
			knownRegions = (
				en,
				Base,
			);
			mainGroup = 09B666D42647DAC200D6166B;
			productRefGroup = 09B666DE2647DAC200D6166B /* Products */;
			projectDirPath = "";
			projectRoot = "";
			targets = (
				09B666DC2647DAC200D6166B /* Singer */,
			);
		};
/* End PBXProject section */

/* Begin PBXResourcesBuildPhase section */
		09B666DB2647DAC200D6166B /* Resources */ = {
			isa = PBXResourcesBuildPhase;
			buildActionMask = 2147483647;
			files = (
				09B666E82647DAC600D6166B /* Preview Assets.xcassets in Resources */,
				09B666E52647DAC600D6166B /* Assets.xcassets in Resources */,
			);
			runOnlyForDeploymentPostprocessing = 0;
		};
/* End PBXResourcesBuildPhase section */

/* Begin PBXSourcesBuildPhase section */
		09B666D92647DAC200D6166B /* Sources */ = {
			isa = PBXSourcesBuildPhase;
			buildActionMask = 2147483647;
			files = (
				09B666EA2647DAC600D6166B /* Persistence.swift in Sources */,
				09B666E32647DAC200D6166B /* ContentView.swift in Sources */,
				09B666E12647DAC200D6166B /* SingerApp.swift in Sources */,
				09B666ED2647DAC600D6166B /* Singer.xcdatamodeld in Sources */,
			);
			runOnlyForDeploymentPostprocessing = 0;
		};
/* End PBXSourcesBuildPhase section */

/* Begin XCBuildConfiguration section */
		09B666EF2647DAC600D6166B /* Debug */ = {
			isa = XCBuildConfiguration;
			buildSettings = {
				ALWAYS_SEARCH_USER_PATHS = NO;
				CLANG_ANALYZER_NONNULL = YES;
				CLANG_ANALYZER_NUMBER_OBJECT_CONVERSION = YES_AGGRESSIVE;
				CLANG_CXX_LANGUAGE_STANDARD = "gnu++14";
				CLANG_CXX_LIBRARY = "libc++";
				CLANG_ENABLE_MODULES = YES;
				CLANG_ENABLE_OBJC_ARC = YES;
				CLANG_ENABLE_OBJC_WEAK = YES;
				CLANG_WARN_BLOCK_CAPTURE_AUTORELEASING = YES;
				CLANG_WARN_BOOL_CONVERSION = YES;
				CLANG_WARN_COMMA = YES;
				CLANG_WARN_CONSTANT_CONVERSION = YES;
				CLANG_WARN_DEPRECATED_OBJC_IMPLEMENTATIONS = YES;
				CLANG_WARN_DIRECT_OBJC_ISA_USAGE = YES_ERROR;
				CLANG_WARN_DOCUMENTATION_COMMENTS = YES;
				CLANG_WARN_EMPTY_BODY = YES;
				CLANG_WARN_ENUM_CONVERSION = YES;
				CLANG_WARN_INFINITE_RECURSION = YES;
				CLANG_WARN_INT_CONVERSION = YES;
				CLANG_WARN_NON_LITERAL_NULL_CONVERSION = YES;
				CLANG_WARN_OBJC_IMPLICIT_RETAIN_SELF = YES;
				CLANG_WARN_OBJC_LITERAL_CONVERSION = YES;
				CLANG_WARN_OBJC_ROOT_CLASS = YES_ERROR;
				CLANG_WARN_QUOTED_INCLUDE_IN_FRAMEWORK_HEADER = YES;
				CLANG_WARN_RANGE_LOOP_ANALYSIS = YES;
				CLANG_WARN_STRICT_PROTOTYPES = YES;
				CLANG_WARN_SUSPICIOUS_MOVE = YES;
				CLANG_WARN_UNGUARDED_AVAILABILITY = YES_AGGRESSIVE;
				CLANG_WARN_UNREACHABLE_CODE = YES;
				CLANG_WARN__DUPLICATE_METHOD_MATCH = YES;
				COPY_PHASE_STRIP = NO;
				DEBUG_INFORMATION_FORMAT = dwarf;
				ENABLE_STRICT_OBJC_MSGSEND = YES;
				ENABLE_TESTABILITY = YES;
				GCC_C_LANGUAGE_STANDARD = gnu11;
				GCC_DYNAMIC_NO_PIC = NO;
				GCC_NO_COMMON_BLOCKS = YES;
				GCC_OPTIMIZATION_LEVEL = 0;
				GCC_PREPROCESSOR_DEFINITIONS = (
					"DEBUG=1",
					"$(inherited)",
				);
				GCC_WARN_64_TO_32_BIT_CONVERSION = YES;
				GCC_WARN_ABOUT_RETURN_TYPE = YES_ERROR;
				GCC_WARN_UNDECLARED_SELECTOR = YES;
				GCC_WARN_UNINITIALIZED_AUTOS = YES_AGGRESSIVE;
				GCC_WARN_UNUSED_FUNCTION = YES;
				GCC_WARN_UNUSED_VARIABLE = YES;
				IPHONEOS_DEPLOYMENT_TARGET = 14.4;
				MTL_ENABLE_DEBUG_INFO = INCLUDE_SOURCE;
				MTL_FAST_MATH = YES;
				ONLY_ACTIVE_ARCH = YES;
				SDKROOT = iphoneos;
				SWIFT_ACTIVE_COMPILATION_CONDITIONS = DEBUG;
				SWIFT_OPTIMIZATION_LEVEL = "-Onone";
			};
			name = Debug;
		};
		09B666F02647DAC600D6166B /* Release */ = {
			isa = XCBuildConfiguration;
			buildSettings = {
				ALWAYS_SEARCH_USER_PATHS = NO;
				CLANG_ANALYZER_NONNULL = YES;
				CLANG_ANALYZER_NUMBER_OBJECT_CONVERSION = YES_AGGRESSIVE;
				CLANG_CXX_LANGUAGE_STANDARD = "gnu++14";
				CLANG_CXX_LIBRARY = "libc++";
				CLANG_ENABLE_MODULES = YES;
				CLANG_ENABLE_OBJC_ARC = YES;
				CLANG_ENABLE_OBJC_WEAK = YES;
				CLANG_WARN_BLOCK_CAPTURE_AUTORELEASING = YES;
				CLANG_WARN_BOOL_CONVERSION = YES;
				CLANG_WARN_COMMA = YES;
				CLANG_WARN_CONSTANT_CONVERSION = YES;
				CLANG_WARN_DEPRECATED_OBJC_IMPLEMENTATIONS = YES;
				CLANG_WARN_DIRECT_OBJC_ISA_USAGE = YES_ERROR;
				CLANG_WARN_DOCUMENTATION_COMMENTS = YES;
				CLANG_WARN_EMPTY_BODY = YES;
				CLANG_WARN_ENUM_CONVERSION = YES;
				CLANG_WARN_INFINITE_RECURSION = YES;
				CLANG_WARN_INT_CONVERSION = YES;
				CLANG_WARN_NON_LITERAL_NULL_CONVERSION = YES;
				CLANG_WARN_OBJC_IMPLICIT_RETAIN_SELF = YES;
				CLANG_WARN_OBJC_LITERAL_CONVERSION = YES;
				CLANG_WARN_OBJC_ROOT_CLASS = YES_ERROR;
				CLANG_WARN_QUOTED_INCLUDE_IN_FRAMEWORK_HEADER = YES;
				CLANG_WARN_RANGE_LOOP_ANALYSIS = YES;
				CLANG_WARN_STRICT_PROTOTYPES = YES;
				CLANG_WARN_SUSPICIOUS_MOVE = YES;
				CLANG_WARN_UNGUARDED_AVAILABILITY = YES_AGGRESSIVE;
				CLANG_WARN_UNREACHABLE_CODE = YES;
				CLANG_WARN__DUPLICATE_METHOD_MATCH = YES;
				COPY_PHASE_STRIP = NO;
				DEBUG_INFORMATION_FORMAT = "dwarf-with-dsym";
				ENABLE_NS_ASSERTIONS = NO;
				ENABLE_STRICT_OBJC_MSGSEND = YES;
				GCC_C_LANGUAGE_STANDARD = gnu11;
				GCC_NO_COMMON_BLOCKS = YES;
				GCC_WARN_64_TO_32_BIT_CONVERSION = YES;
				GCC_WARN_ABOUT_RETURN_TYPE = YES_ERROR;
				GCC_WARN_UNDECLARED_SELECTOR = YES;
				GCC_WARN_UNINITIALIZED_AUTOS = YES_AGGRESSIVE;
				GCC_WARN_UNUSED_FUNCTION = YES;
				GCC_WARN_UNUSED_VARIABLE = YES;
				IPHONEOS_DEPLOYMENT_TARGET = 14.4;
				MTL_ENABLE_DEBUG_INFO = NO;
				MTL_FAST_MATH = YES;
				SDKROOT = iphoneos;
				SWIFT_COMPILATION_MODE = wholemodule;
				SWIFT_OPTIMIZATION_LEVEL = "-O";
				VALIDATE_PRODUCT = YES;
			};
			name = Release;
		};
		09B666F22647DAC600D6166B /* Debug */ = {
			isa = XCBuildConfiguration;
			buildSettings = {
				ASSETCATALOG_COMPILER_APPICON_NAME = AppIcon;
				ASSETCATALOG_COMPILER_GLOBAL_ACCENT_COLOR_NAME = AccentColor;
				CODE_SIGN_STYLE = Automatic;
				DEVELOPMENT_ASSET_PATHS = "\"Singer/Preview Content\"";
				DEVELOPMENT_TEAM = PKTBX2CYQK;
				ENABLE_PREVIEWS = YES;
				INFOPLIST_FILE = Singer/Info.plist;
				IPHONEOS_DEPLOYMENT_TARGET = 14.0;
				LD_RUNPATH_SEARCH_PATHS = (
					"$(inherited)",
					"@executable_path/Frameworks",
				);
				PRODUCT_BUNDLE_IDENTIFIER = com.nicefiction.Singer;
				PRODUCT_NAME = "$(TARGET_NAME)";
				SWIFT_VERSION = 5.0;
				TARGETED_DEVICE_FAMILY = "1,2";
			};
			name = Debug;
		};
		09B666F32647DAC600D6166B /* Release */ = {
			isa = XCBuildConfiguration;
			buildSettings = {
				ASSETCATALOG_COMPILER_APPICON_NAME = AppIcon;
				ASSETCATALOG_COMPILER_GLOBAL_ACCENT_COLOR_NAME = AccentColor;
				CODE_SIGN_STYLE = Automatic;
				DEVELOPMENT_ASSET_PATHS = "\"Singer/Preview Content\"";
				DEVELOPMENT_TEAM = PKTBX2CYQK;
				ENABLE_PREVIEWS = YES;
				INFOPLIST_FILE = Singer/Info.plist;
				IPHONEOS_DEPLOYMENT_TARGET = 14.0;
				LD_RUNPATH_SEARCH_PATHS = (
					"$(inherited)",
					"@executable_path/Frameworks",
				);
				PRODUCT_BUNDLE_IDENTIFIER = com.nicefiction.Singer;
				PRODUCT_NAME = "$(TARGET_NAME)";
				SWIFT_VERSION = 5.0;
				TARGETED_DEVICE_FAMILY = "1,2";
			};
			name = Release;
		};
/* End XCBuildConfiguration section */

/* Begin XCConfigurationList section */
		09B666D82647DAC200D6166B /* Build configuration list for PBXProject "Singer" */ = {
			isa = XCConfigurationList;
			buildConfigurations = (
				09B666EF2647DAC600D6166B /* Debug */,
				09B666F02647DAC600D6166B /* Release */,
			);
			defaultConfigurationIsVisible = 0;
			defaultConfigurationName = Release;
		};
		09B666F12647DAC600D6166B /* Build configuration list for PBXNativeTarget "Singer" */ = {
			isa = XCConfigurationList;
			buildConfigurations = (
				09B666F22647DAC600D6166B /* Debug */,
				09B666F32647DAC600D6166B /* Release */,
			);
			defaultConfigurationIsVisible = 0;
			defaultConfigurationName = Release;
		};
/* End XCConfigurationList section */

/* Begin XCVersionGroup section */
		09B666EB2647DAC600D6166B /* Singer.xcdatamodeld */ = {
			isa = XCVersionGroup;
			children = (
				09B666EC2647DAC600D6166B /* Singer.xcdatamodel */,
			);
			currentVersion = 09B666EC2647DAC600D6166B /* Singer.xcdatamodel */;
			path = Singer.xcdatamodeld;
			sourceTree = "<group>";
			versionGroupType = wrapper.xcdatamodel;
		};
/* End XCVersionGroup section */
	};
	rootObject = 09B666D52647DAC200D6166B /* Project object */;
}
